
Microsoft Visual Studio Solution File, Format Version 12.00
# Visual Studio Version 17
VisualStudioVersion = 17.0.31903.59
MinimumVisualStudioVersion = 10.0.40219.1
Project("{2150E333-8FDC-42A3-9474-1A3956D46DE8}") = "src", "src", "{827E0CD3-B72D-47B6-A68D-7590B98EB39B}"
EndProject
Project("{FAE04EC0-301F-11D3-BF4B-00C04F79EFBC}") = "WeatherAnalytics.Cli", "src\WeatherAnalytics.Cli\WeatherAnalytics.Cli.csproj", "{264E89C5-F9C1-4C04-BE2E-4A5515A5AFB5}"
EndProject
Project("{FAE04EC0-301F-11D3-BF4B-00C04F79EFBC}") = "WeatherAnalytics.Core", "src\WeatherAnalytics.Core\WeatherAnalytics.Core.csproj", "{22199554-CB00-44F3-9013-679A11DA8CB9}"
EndProject
Project("{FAE04EC0-301F-11D3-BF4B-00C04F79EFBC}") = "WeatherAnalytics.Infrastructure", "src\WeatherAnalytics.Infrastructure\WeatherAnalytics.Infrastructure.csproj", "{9591D147-9686-4A3E-98B2-0CA141C5BA42}"
EndProject
Project("{FAE04EC0-301F-11D3-BF4B-00C04F79EFBC}") = "WeatherAnalytics.Reporting", "src\WeatherAnalytics.Reporting\WeatherAnalytics.Reporting.csproj", "{31B9802C-AE91-4EA9-9428-3F9CBCF164A6}"
EndProject
Project("{FAE04EC0-301F-11D3-BF4B-00C04F79EFBC}") = "WeatherAnalytics.Tests", "tests\WeatherAnalytics.Tests\WeatherAnalytics.Tests.csproj", "{23FB66C0-2C3A-4446-BA54-BC49840E687F}"
EndProject
Global
	GlobalSection(SolutionConfigurationPlatforms) = preSolution
		Debug|Any CPU = Debug|Any CPU
		Debug|x64 = Debug|x64
		Debug|x86 = Debug|x86
		Release|Any CPU = Release|Any CPU
		Release|x64 = Release|x64
		Release|x86 = Release|x86
	EndGlobalSection
	GlobalSection(ProjectConfigurationPlatforms) = postSolution
		{264E89C5-F9C1-4C04-BE2E-4A5515A5AFB5}.Debug|Any CPU.ActiveCfg = Debug|Any CPU
		{264E89C5-F9C1-4C04-BE2E-4A5515A5AFB5}.Debug|Any CPU.Build.0 = Debug|Any CPU
		{264E89C5-F9C1-4C04-BE2E-4A5515A5AFB5}.Debug|x64.ActiveCfg = Debug|Any CPU
		{264E89C5-F9C1-4C04-BE2E-4A5515A5AFB5}.Debug|x64.Build.0 = Debug|Any CPU
		{264E89C5-F9C1-4C04-BE2E-4A5515A5AFB5}.Debug|x86.ActiveCfg = Debug|Any CPU
		{264E89C5-F9C1-4C04-BE2E-4A5515A5AFB5}.Debug|x86.Build.0 = Debug|Any CPU
		{264E89C5-F9C1-4C04-BE2E-4A5515A5AFB5}.Release|Any CPU.ActiveCfg = Release|Any CPU
		{264E89C5-F9C1-4C04-BE2E-4A5515A5AFB5}.Release|Any CPU.Build.0 = Release|Any CPU
		{264E89C5-F9C1-4C04-BE2E-4A5515A5AFB5}.Release|x64.ActiveCfg = Release|Any CPU
		{264E89C5-F9C1-4C04-BE2E-4A5515A5AFB5}.Release|x64.Build.0 = Release|Any CPU
		{264E89C5-F9C1-4C04-BE2E-4A5515A5AFB5}.Release|x86.ActiveCfg = Release|Any CPU
		{264E89C5-F9C1-4C04-BE2E-4A5515A5AFB5}.Release|x86.Build.0 = Release|Any CPU
		{22199554-CB00-44F3-9013-679A11DA8CB9}.Debug|Any CPU.ActiveCfg = Debug|Any CPU
		{22199554-CB00-44F3-9013-679A11DA8CB9}.Debug|Any CPU.Build.0 = Debug|Any CPU
		{22199554-CB00-44F3-9013-679A11DA8CB9}.Debug|x64.ActiveCfg = Debug|Any CPU
		{22199554-CB00-44F3-9013-679A11DA8CB9}.Debug|x64.Build.0 = Debug|Any CPU
		{22199554-CB00-44F3-9013-679A11DA8CB9}.Debug|x86.ActiveCfg = Debug|Any CPU
		{22199554-CB00-44F3-9013-679A11DA8CB9}.Debug|x86.Build.0 = Debug|Any CPU
		{22199554-CB00-44F3-9013-679A11DA8CB9}.Release|Any CPU.ActiveCfg = Release|Any CPU
		{22199554-CB00-44F3-9013-679A11DA8CB9}.Release|Any CPU.Build.0 = Release|Any CPU
		{22199554-CB00-44F3-9013-679A11DA8CB9}.Release|x64.ActiveCfg = Release|Any CPU
		{22199554-CB00-44F3-9013-679A11DA8CB9}.Release|x64.Build.0 = Release|Any CPU
		{22199554-CB00-44F3-9013-679A11DA8CB9}.Release|x86.ActiveCfg = Release|Any CPU
		{22199554-CB00-44F3-9013-679A11DA8CB9}.Release|x86.Build.0 = Release|Any CPU
		{9591D147-9686-4A3E-98B2-0CA141C5BA42}.Debug|Any CPU.ActiveCfg = Debug|Any CPU
		{9591D147-9686-4A3E-98B2-0CA141C5BA42}.Debug|Any CPU.Build.0 = Debug|Any CPU
		{9591D147-9686-4A3E-98B2-0CA141C5BA42}.Debug|x64.ActiveCfg = Debug|Any CPU
		{9591D147-9686-4A3E-98B2-0CA141C5BA42}.Debug|x64.Build.0 = Debug|Any CPU
		{9591D147-9686-4A3E-98B2-0CA141C5BA42}.Debug|x86.ActiveCfg = Debug|Any CPU
		{9591D147-9686-4A3E-98B2-0CA141C5BA42}.Debug|x86.Build.0 = Debug|Any CPU
		{9591D147-9686-4A3E-98B2-0CA141C5BA42}.Release|Any CPU.ActiveCfg = Release|Any CPU
		{9591D147-9686-4A3E-98B2-0CA141C5BA42}.Release|Any CPU.Build.0 = Release|Any CPU
		{9591D147-9686-4A3E-98B2-0CA141C5BA42}.Release|x64.ActiveCfg = Release|Any CPU
		{9591D147-9686-4A3E-98B2-0CA141C5BA42}.Release|x64.Build.0 = Release|Any CPU
		{9591D147-9686-4A3E-98B2-0CA141C5BA42}.Release|x86.ActiveCfg = Release|Any CPU
		{9591D147-9686-4A3E-98B2-0CA141C5BA42}.Release|x86.Build.0 = Release|Any CPU
		{31B9802C-AE91-4EA9-9428-3F9CBCF164A6}.Debug|Any CPU.ActiveCfg = Debug|Any CPU
		{31B9802C-AE91-4EA9-9428-3F9CBCF164A6}.Debug|Any CPU.Build.0 = Debug|Any CPU
		{31B9802C-AE91-4EA9-9428-3F9CBCF164A6}.Debug|x64.ActiveCfg = Debug|Any CPU
		{31B9802C-AE91-4EA9-9428-3F9CBCF164A6}.Debug|x64.Build.0 = Debug|Any CPU
		{31B9802C-AE91-4EA9-9428-3F9CBCF164A6}.Debug|x86.ActiveCfg = Debug|Any CPU
		{31B9802C-AE91-4EA9-9428-3F9CBCF164A6}.Debug|x86.Build.0 = Debug|Any CPU
		{31B9802C-AE91-4EA9-9428-3F9CBCF164A6}.Release|Any CPU.ActiveCfg = Release|Any CPU
		{31B9802C-AE91-4EA9-9428-3F9CBCF164A6}.Release|Any CPU.Build.0 = Release|Any CPU
		{31B9802C-AE91-4EA9-9428-3F9CBCF164A6}.Release|x64.ActiveCfg = Release|Any CPU
		{31B9802C-AE91-4EA9-9428-3F9CBCF164A6}.Release|x64.Build.0 = Release|Any CPU
		{31B9802C-AE91-4EA9-9428-3F9CBCF164A6}.Release|x86.ActiveCfg = Release|Any CPU
		{31B9802C-AE91-4EA9-9428-3F9CBCF164A6}.Release|x86.Build.0 = Release|Any CPU
		{23FB66C0-2C3A-4446-BA54-BC49840E687F}.Debug|Any CPU.ActiveCfg = Debug|Any CPU
		{23FB66C0-2C3A-4446-BA54-BC49840E687F}.Debug|Any CPU.Build.0 = Debug|Any CPU
		{23FB66C0-2C3A-4446-BA54-BC49840E687F}.Debug|x64.ActiveCfg = Debug|Any CPU
		{23FB66C0-2C3A-4446-BA54-BC49840E687F}.Debug|x64.Build.0 = Debug|Any CPU
		{23FB66C0-2C3A-4446-BA54-BC49840E687F}.Debug|x86.ActiveCfg = Debug|Any CPU
		{23FB66C0-2C3A-4446-BA54-BC49840E687F}.Debug|x86.Build.0 = Debug|Any CPU
		{23FB66C0-2C3A-4446-BA54-BC49840E687F}.Release|Any CPU.ActiveCfg = Release|Any CPU
		{23FB66C0-2C3A-4446-BA54-BC49840E687F}.Release|Any CPU.Build.0 = Release|Any CPU
		{23FB66C0-2C3A-4446-BA54-BC49840E687F}.Release|x64.ActiveCfg = Release|Any CPU
		{23FB66C0-2C3A-4446-BA54-BC49840E687F}.Release|x64.Build.0 = Release|Any CPU
		{23FB66C0-2C3A-4446-BA54-BC49840E687F}.Release|x86.ActiveCfg = Release|Any CPU
		{23FB66C0-2C3A-4446-BA54-BC49840E687F}.Release|x86.Build.0 = Release|Any CPU
	EndGlobalSection
	GlobalSection(SolutionProperties) = preSolution
		HideSolutionNode = FALSE
	EndGlobalSection
	GlobalSection(NestedProjects) = preSolution
		{264E89C5-F9C1-4C04-BE2E-4A5515A5AFB5} = {827E0CD3-B72D-47B6-A68D-7590B98EB39B}
		{22199554-CB00-44F3-9013-679A11DA8CB9} = {827E0CD3-B72D-47B6-A68D-7590B98EB39B}
		{9591D147-9686-4A3E-98B2-0CA141C5BA42} = {827E0CD3-B72D-47B6-A68D-7590B98EB39B}
		{31B9802C-AE91-4EA9-9428-3F9CBCF164A6} = {827E0CD3-B72D-47B6-A68D-7590B98EB39B}
		{23FB66C0-2C3A-4446-BA54-BC49840E687F} = {827E0CD3-B72D-47B6-A68D-7590B98EB39B}
	EndGlobalSection
EndGlobal
